// !$*UTF8*$!
{
	archiveVersion = 1;
	classes = {
	};
	objectVersion = 50;
	objects = {

/* Begin PBXBuildFile section */
		206D60E7261E017D00C2E8BF /* EmojiArtProjectApp.swift in Sources */ = {isa = PBXBuildFile; fileRef = 206D60E6261E017D00C2E8BF /* EmojiArtProjectApp.swift */; };
		206D60E9261E017D00C2E8BF /* EmojiArtDocumentView.swift in Sources */ = {isa = PBXBuildFile; fileRef = 206D60E8261E017D00C2E8BF /* EmojiArtDocumentView.swift */; };
		206D60EB261E017E00C2E8BF /* Assets.xcassets in Resources */ = {isa = PBXBuildFile; fileRef = 206D60EA261E017E00C2E8BF /* Assets.xcassets */; };
		206D60EE261E017E00C2E8BF /* Preview Assets.xcassets in Resources */ = {isa = PBXBuildFile; fileRef = 206D60ED261E017E00C2E8BF /* Preview Assets.xcassets */; };
		206D60F7261E01A500C2E8BF /* EmojiArtDocument.swift in Sources */ = {isa = PBXBuildFile; fileRef = 206D60F6261E01A500C2E8BF /* EmojiArtDocument.swift */; };
/* End PBXBuildFile section */

/* Begin PBXFileReference section */
		206D60E3261E017D00C2E8BF /* EmojiArtProject.app */ = {isa = PBXFileReference; explicitFileType = wrapper.application; includeInIndex = 0; path = EmojiArtProject.app; sourceTree = BUILT_PRODUCTS_DIR; };
		206D60E6261E017D00C2E8BF /* EmojiArtProjectApp.swift */ = {isa = PBXFileReference; lastKnownFileType = sourcecode.swift; path = EmojiArtProjectApp.swift; sourceTree = "<group>"; };
		206D60E8261E017D00C2E8BF /* EmojiArtDocumentView.swift */ = {isa = PBXFileReference; lastKnownFileType = sourcecode.swift; path = EmojiArtDocumentView.swift; sourceTree = "<group>"; };
		206D60EA261E017E00C2E8BF /* Assets.xcassets */ = {isa = PBXFileReference; lastKnownFileType = folder.assetcatalog; path = Assets.xcassets; sourceTree = "<group>"; };
		206D60ED261E017E00C2E8BF /* Preview Assets.xcassets */ = {isa = PBXFileReference; lastKnownFileType = folder.assetcatalog; path = "Preview Assets.xcassets"; sourceTree = "<group>"; };
		206D60EF261E017E00C2E8BF /* Info.plist */ = {isa = PBXFileReference; lastKnownFileType = text.plist.xml; path = Info.plist; sourceTree = "<group>"; };
		206D60F6261E01A500C2E8BF /* EmojiArtDocument.swift */ = {isa = PBXFileReference; lastKnownFileType = sourcecode.swift; path = EmojiArtDocument.swift; sourceTree = "<group>"; };
/* End PBXFileReference section */

/* Begin PBXFrameworksBuildPhase section */
		206D60E0261E017D00C2E8BF /* Frameworks */ = {
			isa = PBXFrameworksBuildPhase;
			buildActionMask = 2147483647;
			files = (
			);
			runOnlyForDeploymentPostprocessing = 0;
		};
/* End PBXFrameworksBuildPhase section */

/* Begin PBXGroup section */
		206D60DA261E017D00C2E8BF = {
			isa = PBXGroup;
			children = (
				206D60E5261E017D00C2E8BF /* EmojiArtProject */,
				206D60E4261E017D00C2E8BF /* Products */,
			);
			sourceTree = "<group>";
		};
		206D60E4261E017D00C2E8BF /* Products */ = {
			isa = PBXGroup;
			children = (
				206D60E3261E017D00C2E8BF /* EmojiArtProject.app */,
			);
			name = Products;
			sourceTree = "<group>";
		};
		206D60E5261E017D00C2E8BF /* EmojiArtProject */ = {
			isa = PBXGroup;
			children = (
				206D60FA261E021900C2E8BF /* ViewModel */,
				206D60E6261E017D00C2E8BF /* EmojiArtProjectApp.swift */,
				206D60E8261E017D00C2E8BF /* EmojiArtDocumentView.swift */,
				206D60EA261E017E00C2E8BF /* Assets.xcassets */,
				206D60EF261E017E00C2E8BF /* Info.plist */,
				206D60EC261E017E00C2E8BF /* Preview Content */,
			);
			path = EmojiArtProject;
			sourceTree = "<group>";
		};
		206D60EC261E017E00C2E8BF /* Preview Content */ = {
			isa = PBXGroup;
			children = (
				206D60ED261E017E00C2E8BF /* Preview Assets.xcassets */,
			);
			path = "Preview Content";
			sourceTree = "<group>";
		};
		206D60FA261E021900C2E8BF /* ViewModel */ = {
			isa = PBXGroup;
			children = (
				206D60F6261E01A500C2E8BF /* EmojiArtDocument.swift */,
			);
			path = ViewModel;
			sourceTree = "<group>";
		};
/* End PBXGroup section */

/* Begin PBXNativeTarget section */
		206D60E2261E017D00C2E8BF /* EmojiArtProject */ = {
			isa = PBXNativeTarget;
			buildConfigurationList = 206D60F2261E017E00C2E8BF /* Build configuration list for PBXNativeTarget "EmojiArtProject" */;
			buildPhases = (
				206D60DF261E017D00C2E8BF /* Sources */,
				206D60E0261E017D00C2E8BF /* Frameworks */,
				206D60E1261E017D00C2E8BF /* Resources */,
			);
			buildRules = (
			);
			dependencies = (
			);
			name = EmojiArtProject;
			productName = EmojiArtProject;
			productReference = 206D60E3261E017D00C2E8BF /* EmojiArtProject.app */;
			productType = "com.apple.product-type.application";
		};
/* End PBXNativeTarget section */

/* Begin PBXProject section */
		206D60DB261E017D00C2E8BF /* Project object */ = {
			isa = PBXProject;
			attributes = {
				LastSwiftUpdateCheck = 1240;
				LastUpgradeCheck = 1240;
				TargetAttributes = {
					206D60E2261E017D00C2E8BF = {
						CreatedOnToolsVersion = 12.4;
					};
				};
			};
			buildConfigurationList = 206D60DE261E017D00C2E8BF /* Build configuration list for PBXProject "EmojiArtProject" */;
			compatibilityVersion = "Xcode 9.3";
			developmentRegion = en;
			hasScannedForEncodings = 0;
			knownRegions = (
				en,
				Base,
			);
			mainGroup = 206D60DA261E017D00C2E8BF;
			productRefGroup = 206D60E4261E017D00C2E8BF /* Products */;
			projectDirPath = "";
			projectRoot = "";
			targets = (
				206D60E2261E017D00C2E8BF /* EmojiArtProject */,
			);
		};
/* End PBXProject section */

/* Begin PBXResourcesBuildPhase section */
		206D60E1261E017D00C2E8BF /* Resources */ = {
			isa = PBXResourcesBuildPhase;
			buildActionMask = 2147483647;
			files = (
				206D60EE261E017E00C2E8BF /* Preview Assets.xcassets in Resources */,
				206D60EB261E017E00C2E8BF /* Assets.xcassets in Resources */,
			);
			runOnlyForDeploymentPostprocessing = 0;
		};
/* End PBXResourcesBuildPhase section */

/* Begin PBXSourcesBuildPhase section */
		206D60DF261E017D00C2E8BF /* Sources */ = {
			isa = PBXSourcesBuildPhase;
			buildActionMask = 2147483647;
			files = (
				206D60E9261E017D00C2E8BF /* EmojiArtDocumentView.swift in Sources */,
				206D60F7261E01A500C2E8BF /* EmojiArtDocument.swift in Sources */,
				206D60E7261E017D00C2E8BF /* EmojiArtProjectApp.swift in Sources */,
			);
			runOnlyForDeploymentPostprocessing = 0;
		};
/* End PBXSourcesBuildPhase section */

/* Begin XCBuildConfiguration section */
		206D60F0261E017E00C2E8BF /* Debug */ = {
			isa = XCBuildConfiguration;
			buildSettings = {
				ALWAYS_SEARCH_USER_PATHS = NO;
				CLANG_ANALYZER_NONNULL = YES;
				CLANG_ANALYZER_NUMBER_OBJECT_CONVERSION = YES_AGGRESSIVE;
				CLANG_CXX_LANGUAGE_STANDARD = "gnu++14";
				CLANG_CXX_LIBRARY = "libc++";
				CLANG_ENABLE_MODULES = YES;
				CLANG_ENABLE_OBJC_ARC = YES;
				CLANG_ENABLE_OBJC_WEAK = YES;
				CLANG_WARN_BLOCK_CAPTURE_AUTORELEASING = YES;
				CLANG_WARN_BOOL_CONVERSION = YES;
				CLANG_WARN_COMMA = YES;
				CLANG_WARN_CONSTANT_CONVERSION = YES;
				CLANG_WARN_DEPRECATED_OBJC_IMPLEMENTATIONS = YES;
				CLANG_WARN_DIRECT_OBJC_ISA_USAGE = YES_ERROR;
				CLANG_WARN_DOCUMENTATION_COMMENTS = YES;
				CLANG_WARN_EMPTY_BODY = YES;
				CLANG_WARN_ENUM_CONVERSION = YES;
				CLANG_WARN_INFINITE_RECURSION = YES;
				CLANG_WARN_INT_CONVERSION = YES;
				CLANG_WARN_NON_LITERAL_NULL_CONVERSION = YES;
				CLANG_WARN_OBJC_IMPLICIT_RETAIN_SELF = YES;
				CLANG_WARN_OBJC_LITERAL_CONVERSION = YES;
				CLANG_WARN_OBJC_ROOT_CLASS = YES_ERROR;
				CLANG_WARN_QUOTED_INCLUDE_IN_FRAMEWORK_HEADER = YES;
				CLANG_WARN_RANGE_LOOP_ANALYSIS = YES;
				CLANG_WARN_STRICT_PROTOTYPES = YES;
				CLANG_WARN_SUSPICIOUS_MOVE = YES;
				CLANG_WARN_UNGUARDED_AVAILABILITY = YES_AGGRESSIVE;
				CLANG_WARN_UNREACHABLE_CODE = YES;
				CLANG_WARN__DUPLICATE_METHOD_MATCH = YES;
				COPY_PHASE_STRIP = NO;
				DEBUG_INFORMATION_FORMAT = dwarf;
				ENABLE_STRICT_OBJC_MSGSEND = YES;
				ENABLE_TESTABILITY = YES;
				GCC_C_LANGUAGE_STANDARD = gnu11;
				GCC_DYNAMIC_NO_PIC = NO;
				GCC_NO_COMMON_BLOCKS = YES;
				GCC_OPTIMIZATION_LEVEL = 0;
				GCC_PREPROCESSOR_DEFINITIONS = (
					"DEBUG=1",
					"$(inherited)",
				);
				GCC_WARN_64_TO_32_BIT_CONVERSION = YES;
				GCC_WARN_ABOUT_RETURN_TYPE = YES_ERROR;
				GCC_WARN_UNDECLARED_SELECTOR = YES;
				GCC_WARN_UNINITIALIZED_AUTOS = YES_AGGRESSIVE;
				GCC_WARN_UNUSED_FUNCTION = YES;
				GCC_WARN_UNUSED_VARIABLE = YES;
				IPHONEOS_DEPLOYMENT_TARGET = 14.4;
				MTL_ENABLE_DEBUG_INFO = INCLUDE_SOURCE;
				MTL_FAST_MATH = YES;
				ONLY_ACTIVE_ARCH = YES;
				SDKROOT = iphoneos;
				SWIFT_ACTIVE_COMPILATION_CONDITIONS = DEBUG;
				SWIFT_OPTIMIZATION_LEVEL = "-Onone";
			};
			name = Debug;
		};
		206D60F1261E017E00C2E8BF /* Release */ = {
			isa = XCBuildConfiguration;
			buildSettings = {
				ALWAYS_SEARCH_USER_PATHS = NO;
				CLANG_ANALYZER_NONNULL = YES;
				CLANG_ANALYZER_NUMBER_OBJECT_CONVERSION = YES_AGGRESSIVE;
				CLANG_CXX_LANGUAGE_STANDARD = "gnu++14";
				CLANG_CXX_LIBRARY = "libc++";
				CLANG_ENABLE_MODULES = YES;
				CLANG_ENABLE_OBJC_ARC = YES;
				CLANG_ENABLE_OBJC_WEAK = YES;
				CLANG_WARN_BLOCK_CAPTURE_AUTORELEASING = YES;
				CLANG_WARN_BOOL_CONVERSION = YES;
				CLANG_WARN_COMMA = YES;
				CLANG_WARN_CONSTANT_CONVERSION = YES;
				CLANG_WARN_DEPRECATED_OBJC_IMPLEMENTATIONS = YES;
				CLANG_WARN_DIRECT_OBJC_ISA_USAGE = YES_ERROR;
				CLANG_WARN_DOCUMENTATION_COMMENTS = YES;
				CLANG_WARN_EMPTY_BODY = YES;
				CLANG_WARN_ENUM_CONVERSION = YES;
				CLANG_WARN_INFINITE_RECURSION = YES;
				CLANG_WARN_INT_CONVERSION = YES;
				CLANG_WARN_NON_LITERAL_NULL_CONVERSION = YES;
				CLANG_WARN_OBJC_IMPLICIT_RETAIN_SELF = YES;
				CLANG_WARN_OBJC_LITERAL_CONVERSION = YES;
				CLANG_WARN_OBJC_ROOT_CLASS = YES_ERROR;
				CLANG_WARN_QUOTED_INCLUDE_IN_FRAMEWORK_HEADER = YES;
				CLANG_WARN_RANGE_LOOP_ANALYSIS = YES;
				CLANG_WARN_STRICT_PROTOTYPES = YES;
				CLANG_WARN_SUSPICIOUS_MOVE = YES;
				CLANG_WARN_UNGUARDED_AVAILABILITY = YES_AGGRESSIVE;
				CLANG_WARN_UNREACHABLE_CODE = YES;
				CLANG_WARN__DUPLICATE_METHOD_MATCH = YES;
				COPY_PHASE_STRIP = NO;
				DEBUG_INFORMATION_FORMAT = "dwarf-with-dsym";
				ENABLE_NS_ASSERTIONS = NO;
				ENABLE_STRICT_OBJC_MSGSEND = YES;
				GCC_C_LANGUAGE_STANDARD = gnu11;
				GCC_NO_COMMON_BLOCKS = YES;
				GCC_WARN_64_TO_32_BIT_CONVERSION = YES;
				GCC_WARN_ABOUT_RETURN_TYPE = YES_ERROR;
				GCC_WARN_UNDECLARED_SELECTOR = YES;
				GCC_WARN_UNINITIALIZED_AUTOS = YES_AGGRESSIVE;
				GCC_WARN_UNUSED_FUNCTION = YES;
				GCC_WARN_UNUSED_VARIABLE = YES;
				IPHONEOS_DEPLOYMENT_TARGET = 14.4;
				MTL_ENABLE_DEBUG_INFO = NO;
				MTL_FAST_MATH = YES;
				SDKROOT = iphoneos;
				SWIFT_COMPILATION_MODE = wholemodule;
				SWIFT_OPTIMIZATION_LEVEL = "-O";
				VALIDATE_PRODUCT = YES;
			};
			name = Release;
		};
		206D60F3261E017E00C2E8BF /* Debug */ = {
			isa = XCBuildConfiguration;
			buildSettings = {
				ASSETCATALOG_COMPILER_APPICON_NAME = AppIcon;
				ASSETCATALOG_COMPILER_GLOBAL_ACCENT_COLOR_NAME = AccentColor;
				CODE_SIGN_STYLE = Automatic;
				DEVELOPMENT_ASSET_PATHS = "\"EmojiArtProject/Preview Content\"";
				DEVELOPMENT_TEAM = 5ZG3FD7865;
				ENABLE_PREVIEWS = YES;
				INFOPLIST_FILE = EmojiArtProject/Info.plist;
				IPHONEOS_DEPLOYMENT_TARGET = 14.0;
				LD_RUNPATH_SEARCH_PATHS = (
					"$(inherited)",
					"@executable_path/Frameworks",
				);
				PRODUCT_BUNDLE_IDENTIFIER = und.personal.EmojiArtProject;
				PRODUCT_NAME = "$(TARGET_NAME)";
				SWIFT_VERSION = 5.0;
				TARGETED_DEVICE_FAMILY = "1,2";
			};
			name = Debug;
		};
		206D60F4261E017E00C2E8BF /* Release */ = {
			isa = XCBuildConfiguration;
			buildSettings = {
				ASSETCATALOG_COMPILER_APPICON_NAME = AppIcon;
				ASSETCATALOG_COMPILER_GLOBAL_ACCENT_COLOR_NAME = AccentColor;
				CODE_SIGN_STYLE = Automatic;
				DEVELOPMENT_ASSET_PATHS = "\"EmojiArtProject/Preview Content\"";
				DEVELOPMENT_TEAM = 5ZG3FD7865;
				ENABLE_PREVIEWS = YES;
				INFOPLIST_FILE = EmojiArtProject/Info.plist;
				IPHONEOS_DEPLOYMENT_TARGET = 14.0;
				LD_RUNPATH_SEARCH_PATHS = (
					"$(inherited)",
					"@executable_path/Frameworks",
				);
				PRODUCT_BUNDLE_IDENTIFIER = und.personal.EmojiArtProject;
				PRODUCT_NAME = "$(TARGET_NAME)";
				SWIFT_VERSION = 5.0;
				TARGETED_DEVICE_FAMILY = "1,2";
			};
			name = Release;
		};
/* End XCBuildConfiguration section */

/* Begin XCConfigurationList section */
		206D60DE261E017D00C2E8BF /* Build configuration list for PBXProject "EmojiArtProject" */ = {
			isa = XCConfigurationList;
			buildConfigurations = (
				206D60F0261E017E00C2E8BF /* Debug */,
				206D60F1261E017E00C2E8BF /* Release */,
			);
			defaultConfigurationIsVisible = 0;
			defaultConfigurationName = Release;
		};
		206D60F2261E017E00C2E8BF /* Build configuration list for PBXNativeTarget "EmojiArtProject" */ = {
			isa = XCConfigurationList;
			buildConfigurations = (
				206D60F3261E017E00C2E8BF /* Debug */,
				206D60F4261E017E00C2E8BF /* Release */,
			);
			defaultConfigurationIsVisible = 0;
			defaultConfigurationName = Release;
		};
/* End XCConfigurationList section */
	};
	rootObject = 206D60DB261E017D00C2E8BF /* Project object */;
}
